<?xml version="1.0" encoding="utf-8"?>
<Project ToolsVersion="4.0" xmlns="http://schemas.microsoft.com/developer/msbuild/2003">
  <ItemGroup>
    <Filter Include="Source Files">
      <UniqueIdentifier>{4FC737F1-C7A5-4376-A066-2A32D752A2FF}</UniqueIdentifier>
      <Extensions>cpp;c;cc;cxx;def;odl;idl;hpj;bat;asm;asmx</Extensions>
    </Filter>
    <Filter Include="Header Files">
      <UniqueIdentifier>{93995380-89BD-4b04-88EB-625FBE52EBFB}</UniqueIdentifier>
      <Extensions>h;hpp;hxx;hm;inl;inc;xsd</Extensions>
    </Filter>
    <Filter Include="Resource Files">
      <UniqueIdentifier>{67DA6AB6-F800-4c08-8B7A-83BB121AAD01}</UniqueIdentifier>
      <Extensions>rc;ico;cur;bmp;dlg;rc2;rct;bin;rgs;gif;jpg;jpeg;jpe;resx;tiff;tif;png;wav;mfcribbon-ms</Extensions>
    </Filter>
  </ItemGroup>
  <ItemGroup>
    <None Include="ReadMe.txt" />
    <None Include="res\OPCUAClientMPL.rc2">
      <Filter>Resource Files</Filter>
    </None>
    <None Include="res\OPCUAClientMPL.ico">
      <Filter>Resource Files</Filter>
    </None>
    <None Include="IconObject.ico">
      <Filter>Resource Files</Filter>
    </None>
    <None Include="ClassDiagram1.cd" />
    <None Include="ClassDiagram2.cd" />
    <None Include="res\IconVariable.ico">
      <Filter>Resource Files</Filter>
    </None>
  </ItemGroup>
  <ItemGroup>
    <ClInclude Include="OPCUAClientMPL.h">
      <Filter>Header Files</Filter>
    </ClInclude>
    <ClInclude Include="OPCUAClientMPLDlg.h">
      <Filter>Header Files</Filter>
    </ClInclude>
    <ClInclude Include="stdafx.h">
      <Filter>Header Files</Filter>
    </ClInclude>
    <ClInclude Include="targetver.h">
      <Filter>Header Files</Filter>
    </ClInclude>
    <ClInclude Include="Resource.h">
      <Filter>Header Files</Filter>
    </ClInclude>
    <ClInclude Include="ClientApplication.h">
      <Filter>Header Files</Filter>
    </ClInclude>
    <ClInclude Include="ServerDescription.h">
      <Filter>Header Files</Filter>
    </ClInclude>
    <ClInclude Include="Application.h">
      <Filter>Header Files</Filter>
    </ClInclude>
    <ClInclude Include="Channel.h">
      <Filter>Header Files</Filter>
    </ClInclude>
    <ClInclude Include="CustomDataType.h">
      <Filter>Header Files</Filter>
    </ClInclude>
    <ClInclude Include="EndpointDescription.h">
      <Filter>Header Files</Filter>
    </ClInclude>
    <ClInclude Include="StatusCodeException.h">
      <Filter>Header Files</Filter>
    </ClInclude>
    <ClInclude Include="Utils.h">
      <Filter>Header Files</Filter>
    </ClInclude>
    <ClInclude Include="ClientSession.h">
      <Filter>Header Files</Filter>
    </ClInclude>
    <ClInclude Include="ReadDlg.h">
      <Filter>Header Files</Filter>
    </ClInclude>
    <ClInclude Include="LogComm.h">
      <Filter>Header Files</Filter>
    </ClInclude>
    <ClInclude Include="UIHelpers.h">
      <Filter>Header Files</Filter>
    </ClInclude>
  </ItemGroup>
  <ItemGroup>
    <ClCompile Include="OPCUAClientMPL.cpp">
      <Filter>Source Files</Filter>
    </ClCompile>
    <ClCompile Include="OPCUAClientMPLDlg.cpp">
      <Filter>Source Files</Filter>
    </ClCompile>
    <ClCompile Include="stdafx.cpp">
      <Filter>Source Files</Filter>
    </ClCompile>
    <ClCompile Include="ClientApplication.cpp">
      <Filter>Source Files</Filter>
    </ClCompile>
    <ClCompile Include="ServerDescription.cpp">
      <Filter>Source Files</Filter>
    </ClCompile>
    <ClCompile Include="Application.cpp">
      <Filter>Source Files</Filter>
    </ClCompile>
    <ClCompile Include="Channel.cpp">
      <Filter>Source Files</Filter>
    </ClCompile>
    <ClCompile Include="CustomDataType.cpp">
      <Filter>Source Files</Filter>
    </ClCompile>
    <ClCompile Include="EndpointDescription.cpp">
      <Filter>Source Files</Filter>
    </ClCompile>
    <ClCompile Include="Utils.cpp">
      <Filter>Source Files</Filter>
    </ClCompile>
    <ClCompile Include="ClientSession.cpp">
      <Filter>Source Files</Filter>
    </ClCompile>
    <ClCompile Include="ReadDlg.cpp">
      <Filter>Source Files</Filter>
    </ClCompile>
    <ClCompile Include="LogComm.cpp">
      <Filter>Source Files</Filter>
    </ClCompile>
    <ClCompile Include="UIHelpers.cpp">
      <Filter>Source Files</Filter>
    </ClCompile>
  </ItemGroup>
  <ItemGroup>
    <ResourceCompile Include="OPCUAClientMPL.rc">
      <Filter>Resource Files</Filter>
    </ResourceCompile>
  </ItemGroup>
</Project>